Microsoft Visual Studio Solution File, Format Version 12.00
Project("{9A19103F-16F7-4668-BE54-9A1E7A4F7556}") = "AppHost", "AppHost\AppHost.csproj", "{2D6D4E5B-983A-4AAB-A91E-5492F7FD52E8}"
EndProject
Project("{9A19103F-16F7-4668-BE54-9A1E7A4F7556}") = "AppGateway", "AppGateway\AppGateway.csproj", "{8A9E566E-2DE4-4A60-9030-615C939BC05C}"
EndProject
Project("{2150E333-8FDC-42A3-9474-1A3956D46DE8}") = "shared-kernel", "shared-kernel", "{F01E4DC8-2A8B-4CB9-893A-B3B8FF2EFE22}"
EndProject
Project("{9A19103F-16F7-4668-BE54-9A1E7A4F7556}") = "SharedKernel", "shared-kernel\SharedKernel\SharedKernel.csproj", "{836ABCEF-C16B-4331-B8D5-0EA75E4101FE}"
EndProject
Project("{9A19103F-16F7-4668-BE54-9A1E7A4F7556}") = "SharedKernel.Tests", "shared-kernel\Tests\SharedKernel.Tests.csproj", "{B232D7BB-396A-46FE-B6D2-95041412C835}"
EndProject
Project("{9A19103F-16F7-4668-BE54-9A1E7A4F7556}") = "AccountManagement.Api", "account-management\Api\AccountManagement.Api.csproj", "{4AF4767C-1BF5-4B86-9050-F05ABF6AF4BE}"
EndProject
Project("{54A90642-561A-4BB1-A94E-469ADEE60C69}") = "AccountManagement.WebApp", "account-management\WebApp\AccountManagement.WebApp.esproj", "{8292F35B-F0F6-4DB1-90E2-4707DB8C7104}"
EndProject
Project("{9A19103F-16F7-4668-BE54-9A1E7A4F7556}") = "AccountManagement.Tests", "account-management\Tests\AccountManagement.Tests.csproj", "{ABEB4337-3606-4730-8ABE-94DF98C2C348}"
EndProject
Project("{2150E333-8FDC-42A3-9474-1A3956D46DE8}") = "account-management", "account-management", "{4DC84DC3-E05C-470C-8D3F-464E0C0080F3}"
EndProject
Global
	GlobalSection(SolutionConfigurationPlatforms) = preSolution
		Debug|Any CPU = Debug|Any CPU
		Release|Any CPU = Release|Any CPU
	EndGlobalSection
	GlobalSection(ProjectConfigurationPlatforms) = postSolution
		{2D6D4E5B-983A-4AAB-A91E-5492F7FD52E8}.Debug|Any CPU.ActiveCfg = Debug|Any CPU
		{2D6D4E5B-983A-4AAB-A91E-5492F7FD52E8}.Debug|Any CPU.Build.0 = Debug|Any CPU
		{2D6D4E5B-983A-4AAB-A91E-5492F7FD52E8}.Release|Any CPU.ActiveCfg = Release|Any CPU
		{2D6D4E5B-983A-4AAB-A91E-5492F7FD52E8}.Release|Any CPU.Build.0 = Release|Any CPU
		{8A9E566E-2DE4-4A60-9030-615C939BC05C}.Debug|Any CPU.ActiveCfg = Debug|Any CPU
		{8A9E566E-2DE4-4A60-9030-615C939BC05C}.Debug|Any CPU.Build.0 = Debug|Any CPU
		{8A9E566E-2DE4-4A60-9030-615C939BC05C}.Release|Any CPU.ActiveCfg = Release|Any CPU
		{8A9E566E-2DE4-4A60-9030-615C939BC05C}.Release|Any CPU.Build.0 = Release|Any CPU
		{836ABCEF-C16B-4331-B8D5-0EA75E4101FE}.Debug|Any CPU.ActiveCfg = Debug|Any CPU
		{836ABCEF-C16B-4331-B8D5-0EA75E4101FE}.Debug|Any CPU.Build.0 = Debug|Any CPU
		{836ABCEF-C16B-4331-B8D5-0EA75E4101FE}.Release|Any CPU.ActiveCfg = Release|Any CPU
		{836ABCEF-C16B-4331-B8D5-0EA75E4101FE}.Release|Any CPU.Build.0 = Release|Any CPU
		{B232D7BB-396A-46FE-B6D2-95041412C835}.Debug|Any CPU.ActiveCfg = Debug|Any CPU
		{B232D7BB-396A-46FE-B6D2-95041412C835}.Debug|Any CPU.Build.0 = Debug|Any CPU
		{B232D7BB-396A-46FE-B6D2-95041412C835}.Release|Any CPU.ActiveCfg = Release|Any CPU
		{B232D7BB-396A-46FE-B6D2-95041412C835}.Release|Any CPU.Build.0 = Release|Any CPU
		{4AF4767C-1BF5-4B86-9050-F05ABF6AF4BE}.Debug|Any CPU.ActiveCfg = Debug|Any CPU
		{4AF4767C-1BF5-4B86-9050-F05ABF6AF4BE}.Debug|Any CPU.Build.0 = Debug|Any CPU
		{4AF4767C-1BF5-4B86-9050-F05ABF6AF4BE}.Release|Any CPU.ActiveCfg = Release|Any CPU
		{4AF4767C-1BF5-4B86-9050-F05ABF6AF4BE}.Release|Any CPU.Build.0 = Release|Any CPU
		{8292F35B-F0F6-4DB1-90E2-4707DB8C7104}.Debug|Any CPU.ActiveCfg = Debug|Any CPU
		{8292F35B-F0F6-4DB1-90E2-4707DB8C7104}.Debug|Any CPU.Build.0 = Debug|Any CPU
		{8292F35B-F0F6-4DB1-90E2-4707DB8C7104}.Release|Any CPU.ActiveCfg = Debug|Any CPU
		{8292F35B-F0F6-4DB1-90E2-4707DB8C7104}.Release|Any CPU.Build.0 = Debug|Any CPU
		{ABEB4337-3606-4730-8ABE-94DF98C2C348}.Debug|Any CPU.ActiveCfg = Debug|Any CPU
		{ABEB4337-3606-4730-8ABE-94DF98C2C348}.Debug|Any CPU.Build.0 = Debug|Any CPU
		{ABEB4337-3606-4730-8ABE-94DF98C2C348}.Release|Any CPU.ActiveCfg = Release|Any CPU
		{ABEB4337-3606-4730-8ABE-94DF98C2C348}.Release|Any CPU.Build.0 = Release|Any CPU
	EndGlobalSection
	GlobalSection(SolutionProperties) = preSolution
		HideSolutionNode = FALSE
	EndGlobalSection
	GlobalSection(NestedProjects) = preSolution
		{836ABCEF-C16B-4331-B8D5-0EA75E4101FE} = {F01E4DC8-2A8B-4CB9-893A-B3B8FF2EFE22}
		{B232D7BB-396A-46FE-B6D2-95041412C835} = {F01E4DC8-2A8B-4CB9-893A-B3B8FF2EFE22}
		{4AF4767C-1BF5-4B86-9050-F05ABF6AF4BE} = {4DC84DC3-E05C-470C-8D3F-464E0C0080F3}
		{ABEB4337-3606-4730-8ABE-94DF98C2C348} = {4DC84DC3-E05C-470C-8D3F-464E0C0080F3}
		{8292F35B-F0F6-4DB1-90E2-4707DB8C7104} = {4DC84DC3-E05C-470C-8D3F-464E0C0080F3}
	EndGlobalSection
	GlobalSection(ExtensibilityGlobals) = postSolution
	EndGlobalSection
EndGlobal
