Microsoft Visual Studio Solution File, Format Version 12.00
Project("{FAE04EC0-301F-11D3-BF4B-00C04F79EFBC}") = "Api", "Api\Api.csproj", "{4AF4767C-1BF5-4B86-9050-F05ABF6AF4BE}"
EndProject
Project("{FAE04EC0-301F-11D3-BF4B-00C04F79EFBC}") = "Application", "Application\Application.csproj", "{B155D1D9-4F6E-42AE-A8F0-92CD50BF182D}"
EndProject
Project("{FAE04EC0-301F-11D3-BF4B-00C04F79EFBC}") = "Domain", "Domain\Domain.csproj", "{32C5BCAB-FC18-4C32-B008-E0FD125C5E98}"
EndProject
Project("{FAE04EC0-301F-11D3-BF4B-00C04F79EFBC}") = "Infrastructure", "Infrastructure\Infrastructure.csproj", "{CB9BAD74-4362-4646-B653-3CB5FCAC74BD}"
EndProject
Project("{2150E333-8FDC-42A3-9474-1A3956D46DE8}") = "tests", "tests", "{92101687-8181-4543-84F9-E702DD874619}"
EndProject
Project("{FAE04EC0-301F-11D3-BF4B-00C04F79EFBC}") = "Tests", "Tests\Tests.csproj", "{ABEB4337-3606-4730-8ABE-94DF98C2C348}"
EndProject
Project("{54A90642-561A-4BB1-A94E-469ADEE60C69}") = "WebApp", "WebApp\WebApp.esproj", "{7E781B90-C407-4FB2-BC20-10A457E08D7F}"
EndProject
Global
	GlobalSection(SolutionConfigurationPlatforms) = preSolution
		Debug|Any CPU = Debug|Any CPU
		Release|Any CPU = Release|Any CPU
	EndGlobalSection
	GlobalSection(ProjectConfigurationPlatforms) = postSolution
		{4AF4767C-1BF5-4B86-9050-F05ABF6AF4BE}.Debug|Any CPU.ActiveCfg = Debug|Any CPU
		{4AF4767C-1BF5-4B86-9050-F05ABF6AF4BE}.Debug|Any CPU.Build.0 = Debug|Any CPU
		{4AF4767C-1BF5-4B86-9050-F05ABF6AF4BE}.Release|Any CPU.ActiveCfg = Release|Any CPU
		{4AF4767C-1BF5-4B86-9050-F05ABF6AF4BE}.Release|Any CPU.Build.0 = Release|Any CPU
		{B155D1D9-4F6E-42AE-A8F0-92CD50BF182D}.Debug|Any CPU.ActiveCfg = Debug|Any CPU
		{B155D1D9-4F6E-42AE-A8F0-92CD50BF182D}.Debug|Any CPU.Build.0 = Debug|Any CPU
		{B155D1D9-4F6E-42AE-A8F0-92CD50BF182D}.Release|Any CPU.ActiveCfg = Release|Any CPU
		{B155D1D9-4F6E-42AE-A8F0-92CD50BF182D}.Release|Any CPU.Build.0 = Release|Any CPU
		{32C5BCAB-FC18-4C32-B008-E0FD125C5E98}.Debug|Any CPU.ActiveCfg = Debug|Any CPU
		{32C5BCAB-FC18-4C32-B008-E0FD125C5E98}.Debug|Any CPU.Build.0 = Debug|Any CPU
		{32C5BCAB-FC18-4C32-B008-E0FD125C5E98}.Release|Any CPU.ActiveCfg = Release|Any CPU
		{32C5BCAB-FC18-4C32-B008-E0FD125C5E98}.Release|Any CPU.Build.0 = Release|Any CPU
		{CB9BAD74-4362-4646-B653-3CB5FCAC74BD}.Debug|Any CPU.ActiveCfg = Debug|Any CPU
		{CB9BAD74-4362-4646-B653-3CB5FCAC74BD}.Debug|Any CPU.Build.0 = Debug|Any CPU
		{CB9BAD74-4362-4646-B653-3CB5FCAC74BD}.Release|Any CPU.ActiveCfg = Release|Any CPU
		{CB9BAD74-4362-4646-B653-3CB5FCAC74BD}.Release|Any CPU.Build.0 = Release|Any CPU
		{ABEB4337-3606-4730-8ABE-94DF98C2C348}.Debug|Any CPU.ActiveCfg = Debug|Any CPU
		{ABEB4337-3606-4730-8ABE-94DF98C2C348}.Debug|Any CPU.Build.0 = Debug|Any CPU
		{ABEB4337-3606-4730-8ABE-94DF98C2C348}.Release|Any CPU.ActiveCfg = Release|Any CPU
		{ABEB4337-3606-4730-8ABE-94DF98C2C348}.Release|Any CPU.Build.0 = Release|Any CPU
		{7E781B90-C407-4FB2-BC20-10A457E08D7F}.Debug|Any CPU.ActiveCfg = Debug|Any CPU
		{7E781B90-C407-4FB2-BC20-10A457E08D7F}.Debug|Any CPU.Build.0 = Debug|Any CPU
		{7E781B90-C407-4FB2-BC20-10A457E08D7F}.Release|Any CPU.ActiveCfg = Debug|Any CPU
		{7E781B90-C407-4FB2-BC20-10A457E08D7F}.Release|Any CPU.Build.0 = Debug|Any CPU
	EndGlobalSection
	GlobalSection(NestedProjects) = preSolution
		{ABEB4337-3606-4730-8ABE-94DF98C2C348} = {92101687-8181-4543-84F9-E702DD874619}
	EndGlobalSection
	GlobalSection(SolutionProperties) = preSolution
		HideSolutionNode = FALSE
	EndGlobalSection
	GlobalSection(ExtensibilityGlobals) = postSolution
		SolutionGuid = {6865F938-CD7E-425B-8D44-E0B78188F774}
	EndGlobalSection
EndGlobal
