
Microsoft Visual Studio Solution File, Format Version 12.00
Project("{FAE04EC0-301F-11D3-BF4B-00C04F79EFBC}") = "Domain", "src\Domain\Domain.csproj", "{254BF290-0F52-40FD-9776-25660C34D8CE}"
EndProject
Project("{FAE04EC0-301F-11D3-BF4B-00C04F79EFBC}") = "Application", "src\Application\Application.csproj", "{51EA2C15-ACB4-40FF-A6F2-05512BED7264}"
EndProject
Project("{FAE04EC0-301F-11D3-BF4B-00C04F79EFBC}") = "Infrastructure", "src\Infrastructure\Infrastructure.csproj", "{E4D8E1A7-0712-4233-A231-6F7AFB7AD626}"
EndProject
Global
	GlobalSection(SolutionConfigurationPlatforms) = preSolution
		Debug|Any CPU = Debug|Any CPU
		Release|Any CPU = Release|Any CPU
	EndGlobalSection
	GlobalSection(ProjectConfigurationPlatforms) = postSolution
		{254BF290-0F52-40FD-9776-25660C34D8CE}.Debug|Any CPU.ActiveCfg = Debug|Any CPU
		{254BF290-0F52-40FD-9776-25660C34D8CE}.Debug|Any CPU.Build.0 = Debug|Any CPU
		{254BF290-0F52-40FD-9776-25660C34D8CE}.Release|Any CPU.ActiveCfg = Release|Any CPU
		{254BF290-0F52-40FD-9776-25660C34D8CE}.Release|Any CPU.Build.0 = Release|Any CPU
		{51EA2C15-ACB4-40FF-A6F2-05512BED7264}.Debug|Any CPU.ActiveCfg = Debug|Any CPU
		{51EA2C15-ACB4-40FF-A6F2-05512BED7264}.Debug|Any CPU.Build.0 = Debug|Any CPU
		{51EA2C15-ACB4-40FF-A6F2-05512BED7264}.Release|Any CPU.ActiveCfg = Release|Any CPU
		{51EA2C15-ACB4-40FF-A6F2-05512BED7264}.Release|Any CPU.Build.0 = Release|Any CPU
		{E4D8E1A7-0712-4233-A231-6F7AFB7AD626}.Debug|Any CPU.ActiveCfg = Debug|Any CPU
		{E4D8E1A7-0712-4233-A231-6F7AFB7AD626}.Debug|Any CPU.Build.0 = Debug|Any CPU
		{E4D8E1A7-0712-4233-A231-6F7AFB7AD626}.Release|Any CPU.ActiveCfg = Release|Any CPU
		{E4D8E1A7-0712-4233-A231-6F7AFB7AD626}.Release|Any CPU.Build.0 = Release|Any CPU
	EndGlobalSection
EndGlobal
