
Microsoft Visual Studio Solution File, Format Version 12.00
Project("{FAE04EC0-301F-11D3-BF4B-00C04F79EFBC}") = "Domain", "Domain\Domain.csproj", "{254BF290-0F52-40FD-9776-25660C34D8CE}"
EndProject
Project("{FAE04EC0-301F-11D3-BF4B-00C04F79EFBC}") = "Application", "Application\Application.csproj", "{51EA2C15-ACB4-40FF-A6F2-05512BED7264}"
EndProject
Project("{FAE04EC0-301F-11D3-BF4B-00C04F79EFBC}") = "Infrastructure", "Infrastructure\Infrastructure.csproj", "{E4D8E1A7-0712-4233-A231-6F7AFB7AD626}"
EndProject
Project("{FAE04EC0-301F-11D3-BF4B-00C04F79EFBC}") = "WebApi", "WebApi\WebApi.csproj", "{1742F903-4158-4924-9F9C-3B3BE7E99C67}"
EndProject
Project("{2150E333-8FDC-42A3-9474-1A3956D46DE8}") = "tests", "tests", "{E3126247-B8AE-4D22-B56D-886DE8525B3D}"
EndProject
Project("{FAE04EC0-301F-11D3-BF4B-00C04F79EFBC}") = "ArchitectureTests", "tests\ArchitectureTests\ArchitectureTests.csproj", "{EF981678-1EDA-4CF4-AA74-E734C69C7851}"
EndProject
Project("{FAE04EC0-301F-11D3-BF4B-00C04F79EFBC}") = "DomainTests", "tests\DomainTests\DomainTests.csproj", "{51A31E5D-080C-46E0-B67D-4B00039954E1}"
EndProject
Global
	GlobalSection(SolutionConfigurationPlatforms) = preSolution
		Debug|Any CPU = Debug|Any CPU
		Release|Any CPU = Release|Any CPU
	EndGlobalSection
	GlobalSection(ProjectConfigurationPlatforms) = postSolution
		{254BF290-0F52-40FD-9776-25660C34D8CE}.Debug|Any CPU.ActiveCfg = Debug|Any CPU
		{254BF290-0F52-40FD-9776-25660C34D8CE}.Debug|Any CPU.Build.0 = Debug|Any CPU
		{254BF290-0F52-40FD-9776-25660C34D8CE}.Release|Any CPU.ActiveCfg = Release|Any CPU
		{254BF290-0F52-40FD-9776-25660C34D8CE}.Release|Any CPU.Build.0 = Release|Any CPU
		{51EA2C15-ACB4-40FF-A6F2-05512BED7264}.Debug|Any CPU.ActiveCfg = Debug|Any CPU
		{51EA2C15-ACB4-40FF-A6F2-05512BED7264}.Debug|Any CPU.Build.0 = Debug|Any CPU
		{51EA2C15-ACB4-40FF-A6F2-05512BED7264}.Release|Any CPU.ActiveCfg = Release|Any CPU
		{51EA2C15-ACB4-40FF-A6F2-05512BED7264}.Release|Any CPU.Build.0 = Release|Any CPU
		{E4D8E1A7-0712-4233-A231-6F7AFB7AD626}.Debug|Any CPU.ActiveCfg = Debug|Any CPU
		{E4D8E1A7-0712-4233-A231-6F7AFB7AD626}.Debug|Any CPU.Build.0 = Debug|Any CPU
		{E4D8E1A7-0712-4233-A231-6F7AFB7AD626}.Release|Any CPU.ActiveCfg = Release|Any CPU
		{E4D8E1A7-0712-4233-A231-6F7AFB7AD626}.Release|Any CPU.Build.0 = Release|Any CPU
		{1742F903-4158-4924-9F9C-3B3BE7E99C67}.Debug|Any CPU.ActiveCfg = Debug|Any CPU
		{1742F903-4158-4924-9F9C-3B3BE7E99C67}.Debug|Any CPU.Build.0 = Debug|Any CPU
		{1742F903-4158-4924-9F9C-3B3BE7E99C67}.Release|Any CPU.ActiveCfg = Release|Any CPU
		{1742F903-4158-4924-9F9C-3B3BE7E99C67}.Release|Any CPU.Build.0 = Release|Any CPU
		{EF981678-1EDA-4CF4-AA74-E734C69C7851}.Debug|Any CPU.ActiveCfg = Debug|Any CPU
		{EF981678-1EDA-4CF4-AA74-E734C69C7851}.Debug|Any CPU.Build.0 = Debug|Any CPU
		{EF981678-1EDA-4CF4-AA74-E734C69C7851}.Release|Any CPU.ActiveCfg = Release|Any CPU
		{EF981678-1EDA-4CF4-AA74-E734C69C7851}.Release|Any CPU.Build.0 = Release|Any CPU
		{51A31E5D-080C-46E0-B67D-4B00039954E1}.Debug|Any CPU.ActiveCfg = Debug|Any CPU
		{51A31E5D-080C-46E0-B67D-4B00039954E1}.Debug|Any CPU.Build.0 = Debug|Any CPU
		{51A31E5D-080C-46E0-B67D-4B00039954E1}.Release|Any CPU.ActiveCfg = Release|Any CPU
		{51A31E5D-080C-46E0-B67D-4B00039954E1}.Release|Any CPU.Build.0 = Release|Any CPU
	EndGlobalSection
	GlobalSection(NestedProjects) = preSolution
		{EF981678-1EDA-4CF4-AA74-E734C69C7851} = {E3126247-B8AE-4D22-B56D-886DE8525B3D}
		{51A31E5D-080C-46E0-B67D-4B00039954E1} = {E3126247-B8AE-4D22-B56D-886DE8525B3D}
	EndGlobalSection
EndGlobal
